// !$*UTF8*$!
{
	archiveVersion = 1;
	classes = {
	};
	objectVersion = 46;
	objects = {

/* Begin PBXBuildFile section */
		58F792041F1CEBDF0047D760 /* main.m in Sources */ = {isa = PBXBuildFile; fileRef = 58F792031F1CEBDF0047D760 /* main.m */; };
		58F792071F1CEBDF0047D760 /* AppDelegate.m in Sources */ = {isa = PBXBuildFile; fileRef = 58F792061F1CEBDF0047D760 /* AppDelegate.m */; };
		58F7920A1F1CEBDF0047D760 /* ViewController.m in Sources */ = {isa = PBXBuildFile; fileRef = 58F792091F1CEBDF0047D760 /* ViewController.m */; };
		58F7920D1F1CEBDF0047D760 /* Main.storyboard in Resources */ = {isa = PBXBuildFile; fileRef = 58F7920B1F1CEBDF0047D760 /* Main.storyboard */; };
		58F7920F1F1CEBDF0047D760 /* Assets.xcassets in Resources */ = {isa = PBXBuildFile; fileRef = 58F7920E1F1CEBDF0047D760 /* Assets.xcassets */; };
		58F792121F1CEBDF0047D760 /* LaunchScreen.storyboard in Resources */ = {isa = PBXBuildFile; fileRef = 58F792101F1CEBDF0047D760 /* LaunchScreen.storyboard */; };
		58F7921D1F1CEBDF0047D760 /* FakeMomentsTests.m in Sources */ = {isa = PBXBuildFile; fileRef = 58F7921C1F1CEBDF0047D760 /* FakeMomentsTests.m */; };
		58F792281F1CEBDF0047D760 /* FakeMomentsUITests.m in Sources */ = {isa = PBXBuildFile; fileRef = 58F792271F1CEBDF0047D760 /* FakeMomentsUITests.m */; };
/* End PBXBuildFile section */

/* Begin PBXContainerItemProxy section */
		58F792191F1CEBDF0047D760 /* PBXContainerItemProxy */ = {
			isa = PBXContainerItemProxy;
			containerPortal = 58F791F71F1CEBDF0047D760 /* Project object */;
			proxyType = 1;
			remoteGlobalIDString = 58F791FE1F1CEBDF0047D760;
			remoteInfo = FakeMoments;
		};
		58F792241F1CEBDF0047D760 /* PBXContainerItemProxy */ = {
			isa = PBXContainerItemProxy;
			containerPortal = 58F791F71F1CEBDF0047D760 /* Project object */;
			proxyType = 1;
			remoteGlobalIDString = 58F791FE1F1CEBDF0047D760;
			remoteInfo = FakeMoments;
		};
/* End PBXContainerItemProxy section */

/* Begin PBXFileReference section */
		58F791FF1F1CEBDF0047D760 /* FakeMoments.app */ = {isa = PBXFileReference; explicitFileType = wrapper.application; includeInIndex = 0; path = FakeMoments.app; sourceTree = BUILT_PRODUCTS_DIR; };
		58F792031F1CEBDF0047D760 /* main.m */ = {isa = PBXFileReference; lastKnownFileType = sourcecode.c.objc; path = main.m; sourceTree = "<group>"; };
		58F792051F1CEBDF0047D760 /* AppDelegate.h */ = {isa = PBXFileReference; lastKnownFileType = sourcecode.c.h; path = AppDelegate.h; sourceTree = "<group>"; };
		58F792061F1CEBDF0047D760 /* AppDelegate.m */ = {isa = PBXFileReference; lastKnownFileType = sourcecode.c.objc; path = AppDelegate.m; sourceTree = "<group>"; };
		58F792081F1CEBDF0047D760 /* ViewController.h */ = {isa = PBXFileReference; lastKnownFileType = sourcecode.c.h; path = ViewController.h; sourceTree = "<group>"; };
		58F792091F1CEBDF0047D760 /* ViewController.m */ = {isa = PBXFileReference; lastKnownFileType = sourcecode.c.objc; path = ViewController.m; sourceTree = "<group>"; };
		58F7920C1F1CEBDF0047D760 /* Base */ = {isa = PBXFileReference; lastKnownFileType = file.storyboard; name = Base; path = Base.lproj/Main.storyboard; sourceTree = "<group>"; };
		58F7920E1F1CEBDF0047D760 /* Assets.xcassets */ = {isa = PBXFileReference; lastKnownFileType = folder.assetcatalog; path = Assets.xcassets; sourceTree = "<group>"; };
		58F792111F1CEBDF0047D760 /* Base */ = {isa = PBXFileReference; lastKnownFileType = file.storyboard; name = Base; path = Base.lproj/LaunchScreen.storyboard; sourceTree = "<group>"; };
		58F792131F1CEBDF0047D760 /* Info.plist */ = {isa = PBXFileReference; lastKnownFileType = text.plist.xml; path = Info.plist; sourceTree = "<group>"; };
		58F792181F1CEBDF0047D760 /* FakeMomentsTests.xctest */ = {isa = PBXFileReference; explicitFileType = wrapper.cfbundle; includeInIndex = 0; path = FakeMomentsTests.xctest; sourceTree = BUILT_PRODUCTS_DIR; };
		58F7921C1F1CEBDF0047D760 /* FakeMomentsTests.m */ = {isa = PBXFileReference; lastKnownFileType = sourcecode.c.objc; path = FakeMomentsTests.m; sourceTree = "<group>"; };
		58F7921E1F1CEBDF0047D760 /* Info.plist */ = {isa = PBXFileReference; lastKnownFileType = text.plist.xml; path = Info.plist; sourceTree = "<group>"; };
		58F792231F1CEBDF0047D760 /* FakeMomentsUITests.xctest */ = {isa = PBXFileReference; explicitFileType = wrapper.cfbundle; includeInIndex = 0; path = FakeMomentsUITests.xctest; sourceTree = BUILT_PRODUCTS_DIR; };
		58F792271F1CEBDF0047D760 /* FakeMomentsUITests.m */ = {isa = PBXFileReference; lastKnownFileType = sourcecode.c.objc; path = FakeMomentsUITests.m; sourceTree = "<group>"; };
		58F792291F1CEBDF0047D760 /* Info.plist */ = {isa = PBXFileReference; lastKnownFileType = text.plist.xml; path = Info.plist; sourceTree = "<group>"; };
/* End PBXFileReference section */

/* Begin PBXFrameworksBuildPhase section */
		58F791FC1F1CEBDF0047D760 /* Frameworks */ = {
			isa = PBXFrameworksBuildPhase;
			buildActionMask = 2147483647;
			files = (
			);
			runOnlyForDeploymentPostprocessing = 0;
		};
		58F792151F1CEBDF0047D760 /* Frameworks */ = {
			isa = PBXFrameworksBuildPhase;
			buildActionMask = 2147483647;
			files = (
			);
			runOnlyForDeploymentPostprocessing = 0;
		};
		58F792201F1CEBDF0047D760 /* Frameworks */ = {
			isa = PBXFrameworksBuildPhase;
			buildActionMask = 2147483647;
			files = (
			);
			runOnlyForDeploymentPostprocessing = 0;
		};
/* End PBXFrameworksBuildPhase section */

/* Begin PBXGroup section */
		58F791F61F1CEBDF0047D760 = {
			isa = PBXGroup;
			children = (
				58F792011F1CEBDF0047D760 /* FakeMoments */,
				58F7921B1F1CEBDF0047D760 /* FakeMomentsTests */,
				58F792261F1CEBDF0047D760 /* FakeMomentsUITests */,
				58F792001F1CEBDF0047D760 /* Products */,
			);
			sourceTree = "<group>";
		};
		58F792001F1CEBDF0047D760 /* Products */ = {
			isa = PBXGroup;
			children = (
				58F791FF1F1CEBDF0047D760 /* FakeMoments.app */,
				58F792181F1CEBDF0047D760 /* FakeMomentsTests.xctest */,
				58F792231F1CEBDF0047D760 /* FakeMomentsUITests.xctest */,
			);
			name = Products;
			sourceTree = "<group>";
		};
		58F792011F1CEBDF0047D760 /* FakeMoments */ = {
			isa = PBXGroup;
			children = (
				58F792051F1CEBDF0047D760 /* AppDelegate.h */,
				58F792061F1CEBDF0047D760 /* AppDelegate.m */,
				58F792081F1CEBDF0047D760 /* ViewController.h */,
				58F792091F1CEBDF0047D760 /* ViewController.m */,
				58F7920B1F1CEBDF0047D760 /* Main.storyboard */,
				58F7920E1F1CEBDF0047D760 /* Assets.xcassets */,
				58F792101F1CEBDF0047D760 /* LaunchScreen.storyboard */,
				58F792131F1CEBDF0047D760 /* Info.plist */,
				58F792021F1CEBDF0047D760 /* Supporting Files */,
			);
			path = FakeMoments;
			sourceTree = "<group>";
		};
		58F792021F1CEBDF0047D760 /* Supporting Files */ = {
			isa = PBXGroup;
			children = (
				58F792031F1CEBDF0047D760 /* main.m */,
			);
			name = "Supporting Files";
			sourceTree = "<group>";
		};
		58F7921B1F1CEBDF0047D760 /* FakeMomentsTests */ = {
			isa = PBXGroup;
			children = (
				58F7921C1F1CEBDF0047D760 /* FakeMomentsTests.m */,
				58F7921E1F1CEBDF0047D760 /* Info.plist */,
			);
			path = FakeMomentsTests;
			sourceTree = "<group>";
		};
		58F792261F1CEBDF0047D760 /* FakeMomentsUITests */ = {
			isa = PBXGroup;
			children = (
				58F792271F1CEBDF0047D760 /* FakeMomentsUITests.m */,
				58F792291F1CEBDF0047D760 /* Info.plist */,
			);
			path = FakeMomentsUITests;
			sourceTree = "<group>";
		};
/* End PBXGroup section */

/* Begin PBXNativeTarget section */
		58F791FE1F1CEBDF0047D760 /* FakeMoments */ = {
			isa = PBXNativeTarget;
			buildConfigurationList = 58F7922C1F1CEBDF0047D760 /* Build configuration list for PBXNativeTarget "FakeMoments" */;
			buildPhases = (
				58F791FB1F1CEBDF0047D760 /* Sources */,
				58F791FC1F1CEBDF0047D760 /* Frameworks */,
				58F791FD1F1CEBDF0047D760 /* Resources */,
			);
			buildRules = (
			);
			dependencies = (
			);
			name = FakeMoments;
			productName = FakeMoments;
			productReference = 58F791FF1F1CEBDF0047D760 /* FakeMoments.app */;
			productType = "com.apple.product-type.application";
		};
		58F792171F1CEBDF0047D760 /* FakeMomentsTests */ = {
			isa = PBXNativeTarget;
			buildConfigurationList = 58F7922F1F1CEBDF0047D760 /* Build configuration list for PBXNativeTarget "FakeMomentsTests" */;
			buildPhases = (
				58F792141F1CEBDF0047D760 /* Sources */,
				58F792151F1CEBDF0047D760 /* Frameworks */,
				58F792161F1CEBDF0047D760 /* Resources */,
			);
			buildRules = (
			);
			dependencies = (
				58F7921A1F1CEBDF0047D760 /* PBXTargetDependency */,
			);
			name = FakeMomentsTests;
			productName = FakeMomentsTests;
			productReference = 58F792181F1CEBDF0047D760 /* FakeMomentsTests.xctest */;
			productType = "com.apple.product-type.bundle.unit-test";
		};
		58F792221F1CEBDF0047D760 /* FakeMomentsUITests */ = {
			isa = PBXNativeTarget;
			buildConfigurationList = 58F792321F1CEBDF0047D760 /* Build configuration list for PBXNativeTarget "FakeMomentsUITests" */;
			buildPhases = (
				58F7921F1F1CEBDF0047D760 /* Sources */,
				58F792201F1CEBDF0047D760 /* Frameworks */,
				58F792211F1CEBDF0047D760 /* Resources */,
			);
			buildRules = (
			);
			dependencies = (
				58F792251F1CEBDF0047D760 /* PBXTargetDependency */,
			);
			name = FakeMomentsUITests;
			productName = FakeMomentsUITests;
			productReference = 58F792231F1CEBDF0047D760 /* FakeMomentsUITests.xctest */;
			productType = "com.apple.product-type.bundle.ui-testing";
		};
/* End PBXNativeTarget section */

/* Begin PBXProject section */
		58F791F71F1CEBDF0047D760 /* Project object */ = {
			isa = PBXProject;
			attributes = {
				LastUpgradeCheck = 0830;
				ORGANIZATIONNAME = Zarky;
				TargetAttributes = {
					58F791FE1F1CEBDF0047D760 = {
						CreatedOnToolsVersion = 8.3.3;
						DevelopmentTeam = 76X28RC49S;
						ProvisioningStyle = Automatic;
					};
					58F792171F1CEBDF0047D760 = {
						CreatedOnToolsVersion = 8.3.3;
						DevelopmentTeam = 76X28RC49S;
						ProvisioningStyle = Automatic;
						TestTargetID = 58F791FE1F1CEBDF0047D760;
					};
					58F792221F1CEBDF0047D760 = {
						CreatedOnToolsVersion = 8.3.3;
						DevelopmentTeam = 76X28RC49S;
						ProvisioningStyle = Automatic;
						TestTargetID = 58F791FE1F1CEBDF0047D760;
					};
				};
			};
			buildConfigurationList = 58F791FA1F1CEBDF0047D760 /* Build configuration list for PBXProject "FakeMoments" */;
			compatibilityVersion = "Xcode 3.2";
			developmentRegion = English;
			hasScannedForEncodings = 0;
			knownRegions = (
				en,
				Base,
			);
			mainGroup = 58F791F61F1CEBDF0047D760;
			productRefGroup = 58F792001F1CEBDF0047D760 /* Products */;
			projectDirPath = "";
			projectRoot = "";
			targets = (
				58F791FE1F1CEBDF0047D760 /* FakeMoments */,
				58F792171F1CEBDF0047D760 /* FakeMomentsTests */,
				58F792221F1CEBDF0047D760 /* FakeMomentsUITests */,
			);
		};
/* End PBXProject section */

/* Begin PBXResourcesBuildPhase section */
		58F791FD1F1CEBDF0047D760 /* Resources */ = {
			isa = PBXResourcesBuildPhase;
			buildActionMask = 2147483647;
			files = (
				58F792121F1CEBDF0047D760 /* LaunchScreen.storyboard in Resources */,
				58F7920F1F1CEBDF0047D760 /* Assets.xcassets in Resources */,
				58F7920D1F1CEBDF0047D760 /* Main.storyboard in Resources */,
			);
			runOnlyForDeploymentPostprocessing = 0;
		};
		58F792161F1CEBDF0047D760 /* Resources */ = {
			isa = PBXResourcesBuildPhase;
			buildActionMask = 2147483647;
			files = (
			);
			runOnlyForDeploymentPostprocessing = 0;
		};
		58F792211F1CEBDF0047D760 /* Resources */ = {
			isa = PBXResourcesBuildPhase;
			buildActionMask = 2147483647;
			files = (
			);
			runOnlyForDeploymentPostprocessing = 0;
		};
/* End PBXResourcesBuildPhase section */

/* Begin PBXSourcesBuildPhase section */
		58F791FB1F1CEBDF0047D760 /* Sources */ = {
			isa = PBXSourcesBuildPhase;
			buildActionMask = 2147483647;
			files = (
				58F7920A1F1CEBDF0047D760 /* ViewController.m in Sources */,
				58F792071F1CEBDF0047D760 /* AppDelegate.m in Sources */,
				58F792041F1CEBDF0047D760 /* main.m in Sources */,
			);
			runOnlyForDeploymentPostprocessing = 0;
		};
		58F792141F1CEBDF0047D760 /* Sources */ = {
			isa = PBXSourcesBuildPhase;
			buildActionMask = 2147483647;
			files = (
				58F7921D1F1CEBDF0047D760 /* FakeMomentsTests.m in Sources */,
			);
			runOnlyForDeploymentPostprocessing = 0;
		};
		58F7921F1F1CEBDF0047D760 /* Sources */ = {
			isa = PBXSourcesBuildPhase;
			buildActionMask = 2147483647;
			files = (
				58F792281F1CEBDF0047D760 /* FakeMomentsUITests.m in Sources */,
			);
			runOnlyForDeploymentPostprocessing = 0;
		};
/* End PBXSourcesBuildPhase section */

/* Begin PBXTargetDependency section */
		58F7921A1F1CEBDF0047D760 /* PBXTargetDependency */ = {
			isa = PBXTargetDependency;
			target = 58F791FE1F1CEBDF0047D760 /* FakeMoments */;
			targetProxy = 58F792191F1CEBDF0047D760 /* PBXContainerItemProxy */;
		};
		58F792251F1CEBDF0047D760 /* PBXTargetDependency */ = {
			isa = PBXTargetDependency;
			target = 58F791FE1F1CEBDF0047D760 /* FakeMoments */;
			targetProxy = 58F792241F1CEBDF0047D760 /* PBXContainerItemProxy */;
		};
/* End PBXTargetDependency section */

/* Begin PBXVariantGroup section */
		58F7920B1F1CEBDF0047D760 /* Main.storyboard */ = {
			isa = PBXVariantGroup;
			children = (
				58F7920C1F1CEBDF0047D760 /* Base */,
			);
			name = Main.storyboard;
			sourceTree = "<group>";
		};
		58F792101F1CEBDF0047D760 /* LaunchScreen.storyboard */ = {
			isa = PBXVariantGroup;
			children = (
				58F792111F1CEBDF0047D760 /* Base */,
			);
			name = LaunchScreen.storyboard;
			sourceTree = "<group>";
		};
/* End PBXVariantGroup section */

/* Begin XCBuildConfiguration section */
		58F7922A1F1CEBDF0047D760 /* Debug */ = {
			isa = XCBuildConfiguration;
			buildSettings = {
				ALWAYS_SEARCH_USER_PATHS = NO;
				CLANG_ANALYZER_NONNULL = YES;
				CLANG_ANALYZER_NUMBER_OBJECT_CONVERSION = YES_AGGRESSIVE;
				CLANG_CXX_LANGUAGE_STANDARD = "gnu++0x";
				CLANG_CXX_LIBRARY = "libc++";
				CLANG_ENABLE_MODULES = YES;
				CLANG_ENABLE_OBJC_ARC = YES;
				CLANG_WARN_BOOL_CONVERSION = YES;
				CLANG_WARN_CONSTANT_CONVERSION = YES;
				CLANG_WARN_DIRECT_OBJC_ISA_USAGE = YES_ERROR;
				CLANG_WARN_DOCUMENTATION_COMMENTS = YES;
				CLANG_WARN_EMPTY_BODY = YES;
				CLANG_WARN_ENUM_CONVERSION = YES;
				CLANG_WARN_INFINITE_RECURSION = YES;
				CLANG_WARN_INT_CONVERSION = YES;
				CLANG_WARN_OBJC_ROOT_CLASS = YES_ERROR;
				CLANG_WARN_SUSPICIOUS_MOVE = YES;
				CLANG_WARN_UNREACHABLE_CODE = YES;
				CLANG_WARN__DUPLICATE_METHOD_MATCH = YES;
				"CODE_SIGN_IDENTITY[sdk=iphoneos*]" = "iPhone Developer";
				COPY_PHASE_STRIP = NO;
				DEBUG_INFORMATION_FORMAT = dwarf;
				ENABLE_STRICT_OBJC_MSGSEND = YES;
				ENABLE_TESTABILITY = YES;
				GCC_C_LANGUAGE_STANDARD = gnu99;
				GCC_DYNAMIC_NO_PIC = NO;
				GCC_NO_COMMON_BLOCKS = YES;
				GCC_OPTIMIZATION_LEVEL = 0;
				GCC_PREPROCESSOR_DEFINITIONS = (
					"DEBUG=1",
					"$(inherited)",
				);
				GCC_WARN_64_TO_32_BIT_CONVERSION = YES;
				GCC_WARN_ABOUT_RETURN_TYPE = YES_ERROR;
				GCC_WARN_UNDECLARED_SELECTOR = YES;
				GCC_WARN_UNINITIALIZED_AUTOS = YES_AGGRESSIVE;
				GCC_WARN_UNUSED_FUNCTION = YES;
				GCC_WARN_UNUSED_VARIABLE = YES;
				IPHONEOS_DEPLOYMENT_TARGET = 10.3;
				MTL_ENABLE_DEBUG_INFO = YES;
				ONLY_ACTIVE_ARCH = YES;
				SDKROOT = iphoneos;
			};
			name = Debug;
		};
		58F7922B1F1CEBDF0047D760 /* Release */ = {
			isa = XCBuildConfiguration;
			buildSettings = {
				ALWAYS_SEARCH_USER_PATHS = NO;
				CLANG_ANALYZER_NONNULL = YES;
				CLANG_ANALYZER_NUMBER_OBJECT_CONVERSION = YES_AGGRESSIVE;
				CLANG_CXX_LANGUAGE_STANDARD = "gnu++0x";
				CLANG_CXX_LIBRARY = "libc++";
				CLANG_ENABLE_MODULES = YES;
				CLANG_ENABLE_OBJC_ARC = YES;
				CLANG_WARN_BOOL_CONVERSION = YES;
				CLANG_WARN_CONSTANT_CONVERSION = YES;
				CLANG_WARN_DIRECT_OBJC_ISA_USAGE = YES_ERROR;
				CLANG_WARN_DOCUMENTATION_COMMENTS = YES;
				CLANG_WARN_EMPTY_BODY = YES;
				CLANG_WARN_ENUM_CONVERSION = YES;
				CLANG_WARN_INFINITE_RECURSION = YES;
				CLANG_WARN_INT_CONVERSION = YES;
				CLANG_WARN_OBJC_ROOT_CLASS = YES_ERROR;
				CLANG_WARN_SUSPICIOUS_MOVE = YES;
				CLANG_WARN_UNREACHABLE_CODE = YES;
				CLANG_WARN__DUPLICATE_METHOD_MATCH = YES;
				"CODE_SIGN_IDENTITY[sdk=iphoneos*]" = "iPhone Developer";
				COPY_PHASE_STRIP = NO;
				DEBUG_INFORMATION_FORMAT = "dwarf-with-dsym";
				ENABLE_NS_ASSERTIONS = NO;
				ENABLE_STRICT_OBJC_MSGSEND = YES;
				GCC_C_LANGUAGE_STANDARD = gnu99;
				GCC_NO_COMMON_BLOCKS = YES;
				GCC_WARN_64_TO_32_BIT_CONVERSION = YES;
				GCC_WARN_ABOUT_RETURN_TYPE = YES_ERROR;
				GCC_WARN_UNDECLARED_SELECTOR = YES;
				GCC_WARN_UNINITIALIZED_AUTOS = YES_AGGRESSIVE;
				GCC_WARN_UNUSED_FUNCTION = YES;
				GCC_WARN_UNUSED_VARIABLE = YES;
				IPHONEOS_DEPLOYMENT_TARGET = 10.3;
				MTL_ENABLE_DEBUG_INFO = NO;
				SDKROOT = iphoneos;
				VALIDATE_PRODUCT = YES;
			};
			name = Release;
		};
		58F7922D1F1CEBDF0047D760 /* Debug */ = {
			isa = XCBuildConfiguration;
			buildSettings = {
				ASSETCATALOG_COMPILER_APPICON_NAME = AppIcon;
				DEVELOPMENT_TEAM = 76X28RC49S;
				INFOPLIST_FILE = FakeMoments/Info.plist;
				LD_RUNPATH_SEARCH_PATHS = "$(inherited) @executable_path/Frameworks";
				PRODUCT_BUNDLE_IDENTIFIER = com.zarky.FakeMoments;
				PRODUCT_NAME = "$(TARGET_NAME)";
			};
			name = Debug;
		};
		58F7922E1F1CEBDF0047D760 /* Release */ = {
			isa = XCBuildConfiguration;
			buildSettings = {
				ASSETCATALOG_COMPILER_APPICON_NAME = AppIcon;
				DEVELOPMENT_TEAM = 76X28RC49S;
				INFOPLIST_FILE = FakeMoments/Info.plist;
				LD_RUNPATH_SEARCH_PATHS = "$(inherited) @executable_path/Frameworks";
				PRODUCT_BUNDLE_IDENTIFIER = com.zarky.FakeMoments;
				PRODUCT_NAME = "$(TARGET_NAME)";
			};
			name = Release;
		};
		58F792301F1CEBDF0047D760 /* Debug */ = {
			isa = XCBuildConfiguration;
			buildSettings = {
				BUNDLE_LOADER = "$(TEST_HOST)";
				DEVELOPMENT_TEAM = 76X28RC49S;
				INFOPLIST_FILE = FakeMomentsTests/Info.plist;
				LD_RUNPATH_SEARCH_PATHS = "$(inherited) @executable_path/Frameworks @loader_path/Frameworks";
				PRODUCT_BUNDLE_IDENTIFIER = com.zarky.FakeMomentsTests;
				PRODUCT_NAME = "$(TARGET_NAME)";
				TEST_HOST = "$(BUILT_PRODUCTS_DIR)/FakeMoments.app/FakeMoments";
			};
			name = Debug;
		};
		58F792311F1CEBDF0047D760 /* Release */ = {
			isa = XCBuildConfiguration;
			buildSettings = {
				BUNDLE_LOADER = "$(TEST_HOST)";
				DEVELOPMENT_TEAM = 76X28RC49S;
				INFOPLIST_FILE = FakeMomentsTests/Info.plist;
				LD_RUNPATH_SEARCH_PATHS = "$(inherited) @executable_path/Frameworks @loader_path/Frameworks";
				PRODUCT_BUNDLE_IDENTIFIER = com.zarky.FakeMomentsTests;
				PRODUCT_NAME = "$(TARGET_NAME)";
				TEST_HOST = "$(BUILT_PRODUCTS_DIR)/FakeMoments.app/FakeMoments";
			};
			name = Release;
		};
		58F792331F1CEBDF0047D760 /* Debug */ = {
			isa = XCBuildConfiguration;
			buildSettings = {
				DEVELOPMENT_TEAM = 76X28RC49S;
				INFOPLIST_FILE = FakeMomentsUITests/Info.plist;
				LD_RUNPATH_SEARCH_PATHS = "$(inherited) @executable_path/Frameworks @loader_path/Frameworks";
				PRODUCT_BUNDLE_IDENTIFIER = com.zarky.FakeMomentsUITests;
				PRODUCT_NAME = "$(TARGET_NAME)";
				TEST_TARGET_NAME = FakeMoments;
			};
			name = Debug;
		};
		58F792341F1CEBDF0047D760 /* Release */ = {
			isa = XCBuildConfiguration;
			buildSettings = {
				DEVELOPMENT_TEAM = 76X28RC49S;
				INFOPLIST_FILE = FakeMomentsUITests/Info.plist;
				LD_RUNPATH_SEARCH_PATHS = "$(inherited) @executable_path/Frameworks @loader_path/Frameworks";
				PRODUCT_BUNDLE_IDENTIFIER = com.zarky.FakeMomentsUITests;
				PRODUCT_NAME = "$(TARGET_NAME)";
				TEST_TARGET_NAME = FakeMoments;
			};
			name = Release;
		};
/* End XCBuildConfiguration section */

/* Begin XCConfigurationList section */
		58F791FA1F1CEBDF0047D760 /* Build configuration list for PBXProject "FakeMoments" */ = {
			isa = XCConfigurationList;
			buildConfigurations = (
				58F7922A1F1CEBDF0047D760 /* Debug */,
				58F7922B1F1CEBDF0047D760 /* Release */,
			);
			defaultConfigurationIsVisible = 0;
			defaultConfigurationName = Release;
		};
		58F7922C1F1CEBDF0047D760 /* Build configuration list for PBXNativeTarget "FakeMoments" */ = {
			isa = XCConfigurationList;
			buildConfigurations = (
				58F7922D1F1CEBDF0047D760 /* Debug */,
				58F7922E1F1CEBDF0047D760 /* Release */,
			);
			defaultConfigurationIsVisible = 0;
		};
		58F7922F1F1CEBDF0047D760 /* Build configuration list for PBXNativeTarget "FakeMomentsTests" */ = {
			isa = XCConfigurationList;
			buildConfigurations = (
				58F792301F1CEBDF0047D760 /* Debug */,
				58F792311F1CEBDF0047D760 /* Release */,
			);
			defaultConfigurationIsVisible = 0;
		};
		58F792321F1CEBDF0047D760 /* Build configuration list for PBXNativeTarget "FakeMomentsUITests" */ = {
			isa = XCConfigurationList;
			buildConfigurations = (
				58F792331F1CEBDF0047D760 /* Debug */,
				58F792341F1CEBDF0047D760 /* Release */,
			);
			defaultConfigurationIsVisible = 0;
		};
/* End XCConfigurationList section */
	};
	rootObject = 58F791F71F1CEBDF0047D760 /* Project object */;
}
